
Microsoft Visual Studio Solution File, Format Version 12.00
# Visual Studio Version 17
VisualStudioVersion = 17.11.35222.181
MinimumVisualStudioVersion = 10.0.40219.1
Project("{FAE04EC0-301F-11D3-BF4B-00C04F79EFBC}") = "P2PNodeAPI", "P2PNodeAPI\P2PNodeAPI.csproj", "{B1E642C9-3F62-44DF-A79A-D80189DFB3F1}"
EndProject
Project("{FAE04EC0-301F-11D3-BF4B-00C04F79EFBC}") = "P2PNodeServer", "P2PNodeServer\P2PNodeServer.csproj", "{39D4D205-EB17-4704-98FF-28ABB5EB166E}"
EndProject
Global
	GlobalSection(SolutionConfigurationPlatforms) = preSolution
		Debug|Any CPU = Debug|Any CPU
		Release|Any CPU = Release|Any CPU
	EndGlobalSection
	GlobalSection(ProjectConfigurationPlatforms) = postSolution
		{B1E642C9-3F62-44DF-A79A-D80189DFB3F1}.Debug|Any CPU.ActiveCfg = Debug|Any CPU
		{B1E642C9-3F62-44DF-A79A-D80189DFB3F1}.Debug|Any CPU.Build.0 = Debug|Any CPU
		{B1E642C9-3F62-44DF-A79A-D80189DFB3F1}.Release|Any CPU.ActiveCfg = Release|Any CPU
		{B1E642C9-3F62-44DF-A79A-D80189DFB3F1}.Release|Any CPU.Build.0 = Release|Any CPU
		{39D4D205-EB17-4704-98FF-28ABB5EB166E}.Debug|Any CPU.ActiveCfg = Debug|Any CPU
		{39D4D205-EB17-4704-98FF-28ABB5EB166E}.Debug|Any CPU.Build.0 = Debug|Any CPU
		{39D4D205-EB17-4704-98FF-28ABB5EB166E}.Release|Any CPU.ActiveCfg = Release|Any CPU
		{39D4D205-EB17-4704-98FF-28ABB5EB166E}.Release|Any CPU.Build.0 = Release|Any CPU
	EndGlobalSection
	GlobalSection(SolutionProperties) = preSolution
		HideSolutionNode = FALSE
	EndGlobalSection
	GlobalSection(ExtensibilityGlobals) = postSolution
		SolutionGuid = {73EF0A36-F4E3-4E21-A5FB-4F403DBDFC8E}
	EndGlobalSection
EndGlobal
